
Microsoft Visual Studio Solution File, Format Version 12.00
# Visual Studio Version 16
VisualStudioVersion = 16.0.30225.117
MinimumVisualStudioVersion = 10.0.40219.1
Project("{9A19103F-16F7-4668-BE54-9A1E7A4F7556}") = "Sakharchuk.Oleh.RobotChallange", "Sakharchuk.Oleh.RobotChallange\Sakharchuk.Oleh.RobotChallange.csproj", "{DF49767F-3BDC-4B5E-A0AB-8A2A7AFD82C9}"
EndProject
Project("{9A19103F-16F7-4668-BE54-9A1E7A4F7556}") = "RobotTests", "DistanceHelperTests\RobotTests.csproj", "{F2F3B23D-EC6E-478A-9D01-086A6E78FF87}"
EndProject
Project("{FAE04EC0-301F-11D3-BF4B-00C04F79EFBC}") = "AtackHelperTests", "AtackHelperTests\AtackHelperTests.csproj", "{8B408AC8-A796-41A7-9EF2-C789BA4B8A54}"
EndProject
Project("{FAE04EC0-301F-11D3-BF4B-00C04F79EFBC}") = "PositionCheckerTests", "PositionCheckerTests\PositionCheckerTests.csproj", "{A463784E-531A-418F-A3BC-D55552299B7F}"
EndProject
Global
	GlobalSection(SolutionConfigurationPlatforms) = preSolution
		Debug|Any CPU = Debug|Any CPU
		Release|Any CPU = Release|Any CPU
	EndGlobalSection
	GlobalSection(ProjectConfigurationPlatforms) = postSolution
		{DF49767F-3BDC-4B5E-A0AB-8A2A7AFD82C9}.Debug|Any CPU.ActiveCfg = Debug|Any CPU
		{DF49767F-3BDC-4B5E-A0AB-8A2A7AFD82C9}.Debug|Any CPU.Build.0 = Debug|Any CPU
		{DF49767F-3BDC-4B5E-A0AB-8A2A7AFD82C9}.Release|Any CPU.ActiveCfg = Release|Any CPU
		{DF49767F-3BDC-4B5E-A0AB-8A2A7AFD82C9}.Release|Any CPU.Build.0 = Release|Any CPU
		{F2F3B23D-EC6E-478A-9D01-086A6E78FF87}.Debug|Any CPU.ActiveCfg = Debug|Any CPU
		{F2F3B23D-EC6E-478A-9D01-086A6E78FF87}.Debug|Any CPU.Build.0 = Debug|Any CPU
		{F2F3B23D-EC6E-478A-9D01-086A6E78FF87}.Release|Any CPU.ActiveCfg = Release|Any CPU
		{F2F3B23D-EC6E-478A-9D01-086A6E78FF87}.Release|Any CPU.Build.0 = Release|Any CPU
		{8B408AC8-A796-41A7-9EF2-C789BA4B8A54}.Debug|Any CPU.ActiveCfg = Debug|Any CPU
		{8B408AC8-A796-41A7-9EF2-C789BA4B8A54}.Debug|Any CPU.Build.0 = Debug|Any CPU
		{8B408AC8-A796-41A7-9EF2-C789BA4B8A54}.Release|Any CPU.ActiveCfg = Release|Any CPU
		{8B408AC8-A796-41A7-9EF2-C789BA4B8A54}.Release|Any CPU.Build.0 = Release|Any CPU
		{A463784E-531A-418F-A3BC-D55552299B7F}.Debug|Any CPU.ActiveCfg = Debug|Any CPU
		{A463784E-531A-418F-A3BC-D55552299B7F}.Debug|Any CPU.Build.0 = Debug|Any CPU
		{A463784E-531A-418F-A3BC-D55552299B7F}.Release|Any CPU.ActiveCfg = Release|Any CPU
		{A463784E-531A-418F-A3BC-D55552299B7F}.Release|Any CPU.Build.0 = Release|Any CPU
	EndGlobalSection
	GlobalSection(SolutionProperties) = preSolution
		HideSolutionNode = FALSE
	EndGlobalSection
	GlobalSection(ExtensibilityGlobals) = postSolution
		SolutionGuid = {11E28E89-19C1-4C96-8C51-03819DEDBBA5}
	EndGlobalSection
EndGlobal
