
Microsoft Visual Studio Solution File, Format Version 12.00
# Visual Studio Version 16
VisualStudioVersion = 16.0.30717.126
MinimumVisualStudioVersion = 10.0.40219.1
Project("{FAE04EC0-301F-11D3-BF4B-00C04F79EFBC}") = "ConsoleATM", "ATM\ConsoleATM.csproj", "{1701D884-E8EB-499A-828F-91A303ECD9BD}"
EndProject
Project("{9A19103F-16F7-4668-BE54-9A1E7A4F7556}") = "payments", "..\payments\payments\payments.csproj", "{17CBBF66-F904-4342-85AD-179A3CF6FE5F}"
EndProject
Project("{FAE04EC0-301F-11D3-BF4B-00C04F79EFBC}") = "UIATM", "UIATM\UIATM.csproj", "{0069758B-4FF9-4265-87FA-F2343FBA47A2}"
EndProject
Global
	GlobalSection(SolutionConfigurationPlatforms) = preSolution
		Debug|Any CPU = Debug|Any CPU
		Release|Any CPU = Release|Any CPU
	EndGlobalSection
	GlobalSection(ProjectConfigurationPlatforms) = postSolution
		{1701D884-E8EB-499A-828F-91A303ECD9BD}.Debug|Any CPU.ActiveCfg = Debug|Any CPU
		{1701D884-E8EB-499A-828F-91A303ECD9BD}.Debug|Any CPU.Build.0 = Debug|Any CPU
		{1701D884-E8EB-499A-828F-91A303ECD9BD}.Release|Any CPU.ActiveCfg = Release|Any CPU
		{1701D884-E8EB-499A-828F-91A303ECD9BD}.Release|Any CPU.Build.0 = Release|Any CPU
		{17CBBF66-F904-4342-85AD-179A3CF6FE5F}.Debug|Any CPU.ActiveCfg = Debug|Any CPU
		{17CBBF66-F904-4342-85AD-179A3CF6FE5F}.Debug|Any CPU.Build.0 = Debug|Any CPU
		{17CBBF66-F904-4342-85AD-179A3CF6FE5F}.Release|Any CPU.ActiveCfg = Release|Any CPU
		{17CBBF66-F904-4342-85AD-179A3CF6FE5F}.Release|Any CPU.Build.0 = Release|Any CPU
		{0069758B-4FF9-4265-87FA-F2343FBA47A2}.Debug|Any CPU.ActiveCfg = Debug|Any CPU
		{0069758B-4FF9-4265-87FA-F2343FBA47A2}.Debug|Any CPU.Build.0 = Debug|Any CPU
		{0069758B-4FF9-4265-87FA-F2343FBA47A2}.Release|Any CPU.ActiveCfg = Release|Any CPU
		{0069758B-4FF9-4265-87FA-F2343FBA47A2}.Release|Any CPU.Build.0 = Release|Any CPU
	EndGlobalSection
	GlobalSection(SolutionProperties) = preSolution
		HideSolutionNode = FALSE
	EndGlobalSection
	GlobalSection(ExtensibilityGlobals) = postSolution
		SolutionGuid = {59C5F327-6DAB-4B79-89C9-3055C84D708B}
	EndGlobalSection
EndGlobal
